// !$*UTF8*$!
{
	archiveVersion = 1;
	classes = {
	};
	objectVersion = 77;
	objects = {

/* Begin PBXBuildFile section */
		894072012CEDBEBF00C5882D /* MbSecureCrypto.xcconfig in Resources */ = {isa = PBXBuildFile; fileRef = 894071FF2CEDBEBF00C5882D /* MbSecureCrypto.xcconfig */; };
		897BB0B32CEB291500770682 /* MbSecureCrypto.docc in Sources */ = {isa = PBXBuildFile; fileRef = 897BB0B22CEB291500770682 /* MbSecureCrypto.docc */; };
		897BB0B42CEB291500770682 /* MbSecureCrypto.docc in Sources */ = {isa = PBXBuildFile; fileRef = 897BB0B22CEB291500770682 /* MbSecureCrypto.docc */; };
		89F5900C2CE30DBB0001AACE /* libMbSecureCrypto.a in Frameworks */ = {isa = PBXBuildFile; fileRef = 89F58F832CE307420001AACE /* libMbSecureCrypto.a */; };
		89F590142CE30DEA0001AACE /* Security.framework in Frameworks */ = {isa = PBXBuildFile; fileRef = 89F590132CE30DEA0001AACE /* Security.framework */; };
		89F590252CE3128B0001AACE /* Security.framework in Frameworks */ = {isa = PBXBuildFile; fileRef = 89F590132CE30DEA0001AACE /* Security.framework */; };
		89F590312CE319D00001AACE /* CryptoKit.framework in Frameworks */ = {isa = PBXBuildFile; fileRef = 89F590302CE319D00001AACE /* CryptoKit.framework */; };
		89F590D82CE31F5A0001AACE /* MbSecureCrypto.xctestplan in Resources */ = {isa = PBXBuildFile; fileRef = 89F590D72CE31F4D0001AACE /* MbSecureCrypto.xctestplan */; };
/* End PBXBuildFile section */

/* Begin PBXContainerItemProxy section */
		89F5900D2CE30DBB0001AACE /* PBXContainerItemProxy */ = {
			isa = PBXContainerItemProxy;
			containerPortal = 89F58F7B2CE307420001AACE /* Project object */;
			proxyType = 1;
			remoteGlobalIDString = 89F58F822CE307420001AACE;
			remoteInfo = MbSecureCrypto;
		};
/* End PBXContainerItemProxy section */

/* Begin PBXCopyFilesBuildPhase section */
		89F58F812CE307420001AACE /* CopyFiles */ = {
			isa = PBXCopyFilesBuildPhase;
			buildActionMask = 2147483647;
			dstPath = "include/$(PRODUCT_NAME)";
			dstSubfolderSpec = 16;
			files = (
			);
			runOnlyForDeploymentPostprocessing = 0;
		};
/* End PBXCopyFilesBuildPhase section */

/* Begin PBXFileReference section */
		894071FF2CEDBEBF00C5882D /* MbSecureCrypto.xcconfig */ = {isa = PBXFileReference; lastKnownFileType = text.xcconfig; path = MbSecureCrypto.xcconfig; sourceTree = "<group>"; };
		897BB0B22CEB291500770682 /* MbSecureCrypto.docc */ = {isa = PBXFileReference; lastKnownFileType = folder.documentationcatalog; path = MbSecureCrypto.docc; sourceTree = "<group>"; };
		897BB0F92CEB83C400770682 /* README.md */ = {isa = PBXFileReference; lastKnownFileType = net.daringfireball.markdown; path = README.md; sourceTree = "<group>"; };
		897BB0FE2CEB841200770682 /* API.md */ = {isa = PBXFileReference; lastKnownFileType = net.daringfireball.markdown; path = API.md; sourceTree = "<group>"; };
		897BB1002CEB848600770682 /* FORMAT.md */ = {isa = PBXFileReference; lastKnownFileType = net.daringfireball.markdown; path = FORMAT.md; sourceTree = "<group>"; };
		89A78C292CEF802600CFD77C /* Deployment-Guide.md */ = {isa = PBXFileReference; lastKnownFileType = net.daringfireball.markdown; path = "Deployment-Guide.md"; sourceTree = "<group>"; };
		89F58F832CE307420001AACE /* libMbSecureCrypto.a */ = {isa = PBXFileReference; explicitFileType = archive.ar; includeInIndex = 0; path = libMbSecureCrypto.a; sourceTree = BUILT_PRODUCTS_DIR; };
		89F590082CE30DBB0001AACE /* MbSecureCryptoTests.xctest */ = {isa = PBXFileReference; explicitFileType = wrapper.cfbundle; includeInIndex = 0; path = MbSecureCryptoTests.xctest; sourceTree = BUILT_PRODUCTS_DIR; };
		89F590132CE30DEA0001AACE /* Security.framework */ = {isa = PBXFileReference; lastKnownFileType = wrapper.framework; name = Security.framework; path = System/Library/Frameworks/Security.framework; sourceTree = SDKROOT; };
		89F590302CE319D00001AACE /* CryptoKit.framework */ = {isa = PBXFileReference; lastKnownFileType = wrapper.framework; name = CryptoKit.framework; path = System/Library/Frameworks/CryptoKit.framework; sourceTree = SDKROOT; };
		89F590D72CE31F4D0001AACE /* MbSecureCrypto.xctestplan */ = {isa = PBXFileReference; lastKnownFileType = text; name = MbSecureCrypto.xctestplan; path = ../MbSecureCrypto.xctestplan; sourceTree = "<group>"; };
/* End PBXFileReference section */

/* Begin PBXFileSystemSynchronizedBuildFileExceptionSet section */
		89F590282CE314190001AACE /* Exceptions for "MbSecureCrypto" folder in "MbSecureCrypto" target */ = {
			isa = PBXFileSystemSynchronizedBuildFileExceptionSet;
			membershipExceptions = (
				"Cipher/Internal/MbSecureCrypto-Swift-Bridge.h",
				MBSCryptoOperation.h,
			);
			publicHeaders = (
				Cipher/MBSCipher.h,
				Cipher/MBSCipherTypes.h,
				KeyDerivation/MBSKeyDerivation.h,
				MbSecureCrypto.h,
				MBSError.h,
				Random/MBSRandom.h,
			);
			target = 89F58F822CE307420001AACE /* MbSecureCrypto */;
		};
/* End PBXFileSystemSynchronizedBuildFileExceptionSet section */

/* Begin PBXFileSystemSynchronizedRootGroup section */
		89F58F852CE307420001AACE /* MbSecureCrypto */ = {
			isa = PBXFileSystemSynchronizedRootGroup;
			exceptions = (
				89F590282CE314190001AACE /* Exceptions for "MbSecureCrypto" folder in "MbSecureCrypto" target */,
			);
			path = MbSecureCrypto;
			sourceTree = "<group>";
		};
		89F590092CE30DBB0001AACE /* MbSecureCryptoTests */ = {
			isa = PBXFileSystemSynchronizedRootGroup;
			path = MbSecureCryptoTests;
			sourceTree = "<group>";
		};
/* End PBXFileSystemSynchronizedRootGroup section */

/* Begin PBXFrameworksBuildPhase section */
		89F58F802CE307420001AACE /* Frameworks */ = {
			isa = PBXFrameworksBuildPhase;
			buildActionMask = 2147483647;
			files = (
				89F590252CE3128B0001AACE /* Security.framework in Frameworks */,
			);
			runOnlyForDeploymentPostprocessing = 0;
		};
		89F590052CE30DBB0001AACE /* Frameworks */ = {
			isa = PBXFrameworksBuildPhase;
			buildActionMask = 2147483647;
			files = (
				89F590312CE319D00001AACE /* CryptoKit.framework in Frameworks */,
				89F590142CE30DEA0001AACE /* Security.framework in Frameworks */,
				89F5900C2CE30DBB0001AACE /* libMbSecureCrypto.a in Frameworks */,
			);
			runOnlyForDeploymentPostprocessing = 0;
		};
/* End PBXFrameworksBuildPhase section */

/* Begin PBXGroup section */
		894072002CEDBEBF00C5882D /* Config */ = {
			isa = PBXGroup;
			children = (
				894071FF2CEDBEBF00C5882D /* MbSecureCrypto.xcconfig */,
			);
			path = Config;
			sourceTree = "<group>";
		};
		897BB0FD2CEB841200770682 /* internal */ = {
			isa = PBXGroup;
			children = (
				89A78C292CEF802600CFD77C /* Deployment-Guide.md */,
			);
			path = internal;
			sourceTree = "<group>";
		};
		897BB0FF2CEB841200770682 /* docs */ = {
			isa = PBXGroup;
			children = (
				897BB1002CEB848600770682 /* FORMAT.md */,
				897BB0FD2CEB841200770682 /* internal */,
				897BB0FE2CEB841200770682 /* API.md */,
			);
			path = docs;
			sourceTree = "<group>";
		};
		89F58F7A2CE307420001AACE = {
			isa = PBXGroup;
			children = (
				894072002CEDBEBF00C5882D /* Config */,
				897BB0FF2CEB841200770682 /* docs */,
				897BB0B22CEB291500770682 /* MbSecureCrypto.docc */,
				89F590D72CE31F4D0001AACE /* MbSecureCrypto.xctestplan */,
				89F58F852CE307420001AACE /* MbSecureCrypto */,
				89F590092CE30DBB0001AACE /* MbSecureCryptoTests */,
				89F590122CE30DEA0001AACE /* Frameworks */,
				89F58F842CE307420001AACE /* Products */,
				897BB0F92CEB83C400770682 /* README.md */,
			);
			sourceTree = "<group>";
		};
		89F58F842CE307420001AACE /* Products */ = {
			isa = PBXGroup;
			children = (
				89F58F832CE307420001AACE /* libMbSecureCrypto.a */,
				89F590082CE30DBB0001AACE /* MbSecureCryptoTests.xctest */,
			);
			name = Products;
			sourceTree = "<group>";
		};
		89F590122CE30DEA0001AACE /* Frameworks */ = {
			isa = PBXGroup;
			children = (
				89F590302CE319D00001AACE /* CryptoKit.framework */,
				89F590132CE30DEA0001AACE /* Security.framework */,
			);
			name = Frameworks;
			sourceTree = "<group>";
		};
/* End PBXGroup section */

/* Begin PBXHeadersBuildPhase section */
		89F590272CE314190001AACE /* Headers */ = {
			isa = PBXHeadersBuildPhase;
			buildActionMask = 2147483647;
			files = (
			);
			runOnlyForDeploymentPostprocessing = 0;
		};
/* End PBXHeadersBuildPhase section */

/* Begin PBXNativeTarget section */
		89F58F822CE307420001AACE /* MbSecureCrypto */ = {
			isa = PBXNativeTarget;
			buildConfigurationList = 89F58F8D2CE307420001AACE /* Build configuration list for PBXNativeTarget "MbSecureCrypto" */;
			buildPhases = (
				89F590272CE314190001AACE /* Headers */,
				89F58F7F2CE307420001AACE /* Sources */,
				89F58F802CE307420001AACE /* Frameworks */,
				89F58F812CE307420001AACE /* CopyFiles */,
			);
			buildRules = (
			);
			dependencies = (
			);
			fileSystemSynchronizedGroups = (
				89F58F852CE307420001AACE /* MbSecureCrypto */,
			);
			name = MbSecureCrypto;
			productName = MbSecureCrypto;
			productReference = 89F58F832CE307420001AACE /* libMbSecureCrypto.a */;
			productType = "com.apple.product-type.library.static";
		};
		89F590072CE30DBB0001AACE /* MbSecureCryptoTests */ = {
			isa = PBXNativeTarget;
			buildConfigurationList = 89F5900F2CE30DBB0001AACE /* Build configuration list for PBXNativeTarget "MbSecureCryptoTests" */;
			buildPhases = (
				89F590042CE30DBB0001AACE /* Sources */,
				89F590052CE30DBB0001AACE /* Frameworks */,
				89F590062CE30DBB0001AACE /* Resources */,
			);
			buildRules = (
			);
			dependencies = (
				89F5900E2CE30DBB0001AACE /* PBXTargetDependency */,
			);
			fileSystemSynchronizedGroups = (
				89F590092CE30DBB0001AACE /* MbSecureCryptoTests */,
			);
			name = MbSecureCryptoTests;
			productName = MbSecureCryptoTests;
			productReference = 89F590082CE30DBB0001AACE /* MbSecureCryptoTests.xctest */;
			productType = "com.apple.product-type.bundle.unit-test";
		};
/* End PBXNativeTarget section */

/* Begin PBXProject section */
		89F58F7B2CE307420001AACE /* Project object */ = {
			isa = PBXProject;
			attributes = {
				BuildIndependentTargetsInParallel = 1;
				LastUpgradeCheck = 1600;
				TargetAttributes = {
					89F58F822CE307420001AACE = {
						CreatedOnToolsVersion = 16.0;
					};
					89F590072CE30DBB0001AACE = {
						CreatedOnToolsVersion = 16.0;
						LastSwiftMigration = 1600;
					};
				};
			};
			buildConfigurationList = 89F58F7E2CE307420001AACE /* Build configuration list for PBXProject "MbSecureCrypto" */;
			developmentRegion = en;
			hasScannedForEncodings = 0;
			knownRegions = (
				en,
				Base,
			);
			mainGroup = 89F58F7A2CE307420001AACE;
			minimizedProjectReferenceProxies = 1;
			preferredProjectObjectVersion = 77;
			productRefGroup = 89F58F842CE307420001AACE /* Products */;
			projectDirPath = "";
			projectRoot = "";
			targets = (
				89F58F822CE307420001AACE /* MbSecureCrypto */,
				89F590072CE30DBB0001AACE /* MbSecureCryptoTests */,
			);
		};
/* End PBXProject section */

/* Begin PBXResourcesBuildPhase section */
		89F590062CE30DBB0001AACE /* Resources */ = {
			isa = PBXResourcesBuildPhase;
			buildActionMask = 2147483647;
			files = (
				89F590D82CE31F5A0001AACE /* MbSecureCrypto.xctestplan in Resources */,
				894072012CEDBEBF00C5882D /* MbSecureCrypto.xcconfig in Resources */,
			);
			runOnlyForDeploymentPostprocessing = 0;
		};
/* End PBXResourcesBuildPhase section */

/* Begin PBXSourcesBuildPhase section */
		89F58F7F2CE307420001AACE /* Sources */ = {
			isa = PBXSourcesBuildPhase;
			buildActionMask = 2147483647;
			files = (
				897BB0B42CEB291500770682 /* MbSecureCrypto.docc in Sources */,
			);
			runOnlyForDeploymentPostprocessing = 0;
		};
		89F590042CE30DBB0001AACE /* Sources */ = {
			isa = PBXSourcesBuildPhase;
			buildActionMask = 2147483647;
			files = (
				897BB0B32CEB291500770682 /* MbSecureCrypto.docc in Sources */,
			);
			runOnlyForDeploymentPostprocessing = 0;
		};
/* End PBXSourcesBuildPhase section */

/* Begin PBXTargetDependency section */
		89F5900E2CE30DBB0001AACE /* PBXTargetDependency */ = {
			isa = PBXTargetDependency;
			target = 89F58F822CE307420001AACE /* MbSecureCrypto */;
			targetProxy = 89F5900D2CE30DBB0001AACE /* PBXContainerItemProxy */;
		};
/* End PBXTargetDependency section */

/* Begin XCBuildConfiguration section */
		89F58F8B2CE307420001AACE /* Debug */ = {
			isa = XCBuildConfiguration;
			buildSettings = {
				ALWAYS_SEARCH_USER_PATHS = NO;
				ASSETCATALOG_COMPILER_GENERATE_SWIFT_ASSET_SYMBOL_EXTENSIONS = YES;
				CLANG_ANALYZER_NONNULL = YES;
				CLANG_ANALYZER_NUMBER_OBJECT_CONVERSION = YES_AGGRESSIVE;
				CLANG_CXX_LANGUAGE_STANDARD = "gnu++20";
				CLANG_ENABLE_MODULES = YES;
				CLANG_ENABLE_OBJC_ARC = YES;
				CLANG_ENABLE_OBJC_WEAK = YES;
				CLANG_WARN_BLOCK_CAPTURE_AUTORELEASING = YES;
				CLANG_WARN_BOOL_CONVERSION = YES;
				CLANG_WARN_COMMA = YES;
				CLANG_WARN_CONSTANT_CONVERSION = YES;
				CLANG_WARN_DEPRECATED_OBJC_IMPLEMENTATIONS = YES;
				CLANG_WARN_DIRECT_OBJC_ISA_USAGE = YES_ERROR;
				CLANG_WARN_DOCUMENTATION_COMMENTS = YES;
				CLANG_WARN_EMPTY_BODY = YES;
				CLANG_WARN_ENUM_CONVERSION = YES;
				CLANG_WARN_INFINITE_RECURSION = YES;
				CLANG_WARN_INT_CONVERSION = YES;
				CLANG_WARN_NON_LITERAL_NULL_CONVERSION = YES;
				CLANG_WARN_OBJC_IMPLICIT_RETAIN_SELF = YES;
				CLANG_WARN_OBJC_LITERAL_CONVERSION = YES;
				CLANG_WARN_OBJC_ROOT_CLASS = YES_ERROR;
				CLANG_WARN_QUOTED_INCLUDE_IN_FRAMEWORK_HEADER = YES;
				CLANG_WARN_RANGE_LOOP_ANALYSIS = YES;
				CLANG_WARN_STRICT_PROTOTYPES = YES;
				CLANG_WARN_SUSPICIOUS_MOVE = YES;
				CLANG_WARN_UNGUARDED_AVAILABILITY = YES_AGGRESSIVE;
				CLANG_WARN_UNREACHABLE_CODE = YES;
				CLANG_WARN__DUPLICATE_METHOD_MATCH = YES;
				COPY_PHASE_STRIP = NO;
				DEBUG_INFORMATION_FORMAT = dwarf;
				DOCC_EXTRACT_SWIFT_INFO_FOR_OBJC_SYMBOLS = NO;
				ENABLE_STRICT_OBJC_MSGSEND = YES;
				ENABLE_TESTABILITY = YES;
				ENABLE_USER_SCRIPT_SANDBOXING = YES;
				GCC_C_LANGUAGE_STANDARD = gnu17;
				GCC_DYNAMIC_NO_PIC = NO;
				GCC_NO_COMMON_BLOCKS = YES;
				GCC_OPTIMIZATION_LEVEL = 0;
				GCC_PREPROCESSOR_DEFINITIONS = (
					"DEBUG=1",
					"$(inherited)",
				);
				GCC_WARN_64_TO_32_BIT_CONVERSION = YES;
				GCC_WARN_ABOUT_RETURN_TYPE = YES_ERROR;
				GCC_WARN_UNDECLARED_SELECTOR = YES;
				GCC_WARN_UNINITIALIZED_AUTOS = YES_AGGRESSIVE;
				GCC_WARN_UNUSED_FUNCTION = YES;
				GCC_WARN_UNUSED_VARIABLE = YES;
				IPHONEOS_DEPLOYMENT_TARGET = 18.0;
				LOCALIZATION_PREFERS_STRING_CATALOGS = YES;
				MTL_ENABLE_DEBUG_INFO = INCLUDE_SOURCE;
				MTL_FAST_MATH = YES;
				ONLY_ACTIVE_ARCH = YES;
				SDKROOT = iphoneos;
			};
			name = Debug;
		};
		89F58F8C2CE307420001AACE /* Release */ = {
			isa = XCBuildConfiguration;
			buildSettings = {
				ALWAYS_SEARCH_USER_PATHS = NO;
				ASSETCATALOG_COMPILER_GENERATE_SWIFT_ASSET_SYMBOL_EXTENSIONS = YES;
				CLANG_ANALYZER_NONNULL = YES;
				CLANG_ANALYZER_NUMBER_OBJECT_CONVERSION = YES_AGGRESSIVE;
				CLANG_CXX_LANGUAGE_STANDARD = "gnu++20";
				CLANG_ENABLE_MODULES = YES;
				CLANG_ENABLE_OBJC_ARC = YES;
				CLANG_ENABLE_OBJC_WEAK = YES;
				CLANG_WARN_BLOCK_CAPTURE_AUTORELEASING = YES;
				CLANG_WARN_BOOL_CONVERSION = YES;
				CLANG_WARN_COMMA = YES;
				CLANG_WARN_CONSTANT_CONVERSION = YES;
				CLANG_WARN_DEPRECATED_OBJC_IMPLEMENTATIONS = YES;
				CLANG_WARN_DIRECT_OBJC_ISA_USAGE = YES_ERROR;
				CLANG_WARN_DOCUMENTATION_COMMENTS = YES;
				CLANG_WARN_EMPTY_BODY = YES;
				CLANG_WARN_ENUM_CONVERSION = YES;
				CLANG_WARN_INFINITE_RECURSION = YES;
				CLANG_WARN_INT_CONVERSION = YES;
				CLANG_WARN_NON_LITERAL_NULL_CONVERSION = YES;
				CLANG_WARN_OBJC_IMPLICIT_RETAIN_SELF = YES;
				CLANG_WARN_OBJC_LITERAL_CONVERSION = YES;
				CLANG_WARN_OBJC_ROOT_CLASS = YES_ERROR;
				CLANG_WARN_QUOTED_INCLUDE_IN_FRAMEWORK_HEADER = YES;
				CLANG_WARN_RANGE_LOOP_ANALYSIS = YES;
				CLANG_WARN_STRICT_PROTOTYPES = YES;
				CLANG_WARN_SUSPICIOUS_MOVE = YES;
				CLANG_WARN_UNGUARDED_AVAILABILITY = YES_AGGRESSIVE;
				CLANG_WARN_UNREACHABLE_CODE = YES;
				CLANG_WARN__DUPLICATE_METHOD_MATCH = YES;
				COPY_PHASE_STRIP = NO;
				DEBUG_INFORMATION_FORMAT = "dwarf-with-dsym";
				DOCC_EXTRACT_SWIFT_INFO_FOR_OBJC_SYMBOLS = NO;
				ENABLE_NS_ASSERTIONS = NO;
				ENABLE_STRICT_OBJC_MSGSEND = YES;
				ENABLE_USER_SCRIPT_SANDBOXING = YES;
				GCC_C_LANGUAGE_STANDARD = gnu17;
				GCC_NO_COMMON_BLOCKS = YES;
				GCC_WARN_64_TO_32_BIT_CONVERSION = YES;
				GCC_WARN_ABOUT_RETURN_TYPE = YES_ERROR;
				GCC_WARN_UNDECLARED_SELECTOR = YES;
				GCC_WARN_UNINITIALIZED_AUTOS = YES_AGGRESSIVE;
				GCC_WARN_UNUSED_FUNCTION = YES;
				GCC_WARN_UNUSED_VARIABLE = YES;
				IPHONEOS_DEPLOYMENT_TARGET = 18.0;
				LOCALIZATION_PREFERS_STRING_CATALOGS = YES;
				MTL_ENABLE_DEBUG_INFO = NO;
				MTL_FAST_MATH = YES;
				SDKROOT = iphoneos;
				VALIDATE_PRODUCT = YES;
			};
			name = Release;
		};
		89F58F8E2CE307420001AACE /* Debug */ = {
			isa = XCBuildConfiguration;
			buildSettings = {
				ALWAYS_EMBED_SWIFT_STANDARD_LIBRARIES = NO;
				BUILD_LIBRARY_FOR_DISTRIBUTION = NO;
				CODE_SIGN_STYLE = Automatic;
				DEFINES_MODULE = NO;
				DEVELOPMENT_TEAM = 4V96VSFZKB;
				DOCC_EXTRACT_OBJC_INFO_FOR_SWIFT_SYMBOLS = YES;
				DOCC_EXTRACT_SWIFT_INFO_FOR_OBJC_SYMBOLS = YES;
				HEADER_SEARCH_PATHS = "";
				IPHONEOS_DEPLOYMENT_TARGET = 15.6;
				MACOSX_DEPLOYMENT_TARGET = 12.4;
				MODULEMAP_FILE = "";
				OTHER_DOCC_FLAGS = "";
				OTHER_LDFLAGS = (
					"-ObjC",
					"-lswiftCore",
				);
				PRODUCT_NAME = "$(TARGET_NAME)";
				REGISTER_APP_GROUPS = NO;
				RUN_DOCUMENTATION_COMPILER = YES;
				SKIP_INSTALL = NO;
				SUPPORTED_PLATFORMS = "iphoneos iphonesimulator macosx";
				SUPPORTS_MACCATALYST = NO;
				SUPPORTS_MAC_DESIGNED_FOR_IPHONE_IPAD = NO;
				SUPPORTS_XR_DESIGNED_FOR_IPHONE_IPAD = NO;
				SWIFT_COMPILATION_MODE = wholemodule;
				SWIFT_OBJC_BRIDGING_HEADER = "MbSecureCrypto/Cipher/Internal/MbSecureCrypto-Swift-Bridge.h";
				SWIFT_VERSION = 6.0;
				TARGETED_DEVICE_FAMILY = 1;
			};
			name = Debug;
		};
		89F58F8F2CE307420001AACE /* Release */ = {
			isa = XCBuildConfiguration;
			buildSettings = {
				ALWAYS_EMBED_SWIFT_STANDARD_LIBRARIES = NO;
				BUILD_LIBRARY_FOR_DISTRIBUTION = NO;
				CODE_SIGN_STYLE = Automatic;
				DEFINES_MODULE = NO;
				DEVELOPMENT_TEAM = 4V96VSFZKB;
				DOCC_EXTRACT_OBJC_INFO_FOR_SWIFT_SYMBOLS = YES;
				DOCC_EXTRACT_SWIFT_INFO_FOR_OBJC_SYMBOLS = YES;
				HEADER_SEARCH_PATHS = "";
				IPHONEOS_DEPLOYMENT_TARGET = 15.6;
				MACOSX_DEPLOYMENT_TARGET = 12.4;
				MODULEMAP_FILE = "";
				OTHER_DOCC_FLAGS = "";
				OTHER_LDFLAGS = (
					"-ObjC",
					"-lswiftCore",
				);
				PRODUCT_NAME = "$(TARGET_NAME)";
				REGISTER_APP_GROUPS = NO;
				RUN_DOCUMENTATION_COMPILER = YES;
				SKIP_INSTALL = NO;
				SUPPORTED_PLATFORMS = "iphoneos iphonesimulator macosx";
				SUPPORTS_MACCATALYST = NO;
				SUPPORTS_MAC_DESIGNED_FOR_IPHONE_IPAD = NO;
				SUPPORTS_XR_DESIGNED_FOR_IPHONE_IPAD = NO;
				SWIFT_COMPILATION_MODE = wholemodule;
				SWIFT_OBJC_BRIDGING_HEADER = "MbSecureCrypto/Cipher/Internal/MbSecureCrypto-Swift-Bridge.h";
				SWIFT_VERSION = 6.0;
				TARGETED_DEVICE_FAMILY = 1;
			};
			name = Release;
		};
		89F590102CE30DBB0001AACE /* Debug */ = {
			isa = XCBuildConfiguration;
			buildSettings = {
				ALWAYS_EMBED_SWIFT_STANDARD_LIBRARIES = YES;
				CLANG_ENABLE_MODULES = YES;
				CODE_SIGN_STYLE = Automatic;
				CURRENT_PROJECT_VERSION = 1;
				DEVELOPMENT_TEAM = 4V96VSFZKB;
				GENERATE_INFOPLIST_FILE = YES;
				IPHONEOS_DEPLOYMENT_TARGET = 15.6;
				MACH_O_TYPE = mh_bundle;
				MACOSX_DEPLOYMENT_TARGET = 12.4;
				MARKETING_VERSION = 1.0;
				OTHER_LDFLAGS = "";
				PRODUCT_BUNDLE_IDENTIFIER = com.mavbozo.MbSecureCryptoTests;
				PRODUCT_NAME = "$(TARGET_NAME)";
				REGISTER_APP_GROUPS = NO;
				SUPPORTED_PLATFORMS = "iphoneos iphonesimulator macosx";
				SUPPORTS_MACCATALYST = NO;
				SUPPORTS_MAC_DESIGNED_FOR_IPHONE_IPAD = NO;
				SUPPORTS_XR_DESIGNED_FOR_IPHONE_IPAD = NO;
				SWIFT_EMIT_LOC_STRINGS = NO;
				SWIFT_OPTIMIZATION_LEVEL = "-Onone";
				SWIFT_VERSION = 5.0;
				TARGETED_DEVICE_FAMILY = 1;
			};
			name = Debug;
		};
		89F590112CE30DBB0001AACE /* Release */ = {
			isa = XCBuildConfiguration;
			buildSettings = {
				ALWAYS_EMBED_SWIFT_STANDARD_LIBRARIES = YES;
				CLANG_ENABLE_MODULES = YES;
				CODE_SIGN_STYLE = Automatic;
				CURRENT_PROJECT_VERSION = 1;
				DEVELOPMENT_TEAM = 4V96VSFZKB;
				GENERATE_INFOPLIST_FILE = YES;
				IPHONEOS_DEPLOYMENT_TARGET = 15.6;
				MACH_O_TYPE = mh_bundle;
				MACOSX_DEPLOYMENT_TARGET = 12.4;
				MARKETING_VERSION = 1.0;
				OTHER_LDFLAGS = "";
				PRODUCT_BUNDLE_IDENTIFIER = com.mavbozo.MbSecureCryptoTests;
				PRODUCT_NAME = "$(TARGET_NAME)";
				REGISTER_APP_GROUPS = NO;
				SUPPORTED_PLATFORMS = "iphoneos iphonesimulator macosx";
				SUPPORTS_MACCATALYST = NO;
				SUPPORTS_MAC_DESIGNED_FOR_IPHONE_IPAD = NO;
				SUPPORTS_XR_DESIGNED_FOR_IPHONE_IPAD = NO;
				SWIFT_EMIT_LOC_STRINGS = NO;
				SWIFT_VERSION = 5.0;
				TARGETED_DEVICE_FAMILY = 1;
			};
			name = Release;
		};
/* End XCBuildConfiguration section */

/* Begin XCConfigurationList section */
		89F58F7E2CE307420001AACE /* Build configuration list for PBXProject "MbSecureCrypto" */ = {
			isa = XCConfigurationList;
			buildConfigurations = (
				89F58F8B2CE307420001AACE /* Debug */,
				89F58F8C2CE307420001AACE /* Release */,
			);
			defaultConfigurationIsVisible = 0;
			defaultConfigurationName = Release;
		};
		89F58F8D2CE307420001AACE /* Build configuration list for PBXNativeTarget "MbSecureCrypto" */ = {
			isa = XCConfigurationList;
			buildConfigurations = (
				89F58F8E2CE307420001AACE /* Debug */,
				89F58F8F2CE307420001AACE /* Release */,
			);
			defaultConfigurationIsVisible = 0;
			defaultConfigurationName = Release;
		};
		89F5900F2CE30DBB0001AACE /* Build configuration list for PBXNativeTarget "MbSecureCryptoTests" */ = {
			isa = XCConfigurationList;
			buildConfigurations = (
				89F590102CE30DBB0001AACE /* Debug */,
				89F590112CE30DBB0001AACE /* Release */,
			);
			defaultConfigurationIsVisible = 0;
			defaultConfigurationName = Release;
		};
/* End XCConfigurationList section */
	};
	rootObject = 89F58F7B2CE307420001AACE /* Project object */;
}
